
Microsoft Visual Studio Solution File, Format Version 12.00
# Visual Studio Version 17
VisualStudioVersion = 17.6.33829.357
MinimumVisualStudioVersion = 10.0.40219.1
Project("{FAE04EC0-301F-11D3-BF4B-00C04F79EFBC}") = "Scomm", "Scomm\Scomm.csproj", "{A485F8C0-638E-4FC3-BC0B-D1EF7D0515C4}"
EndProject
Global
	GlobalSection(SolutionConfigurationPlatforms) = preSolution
		Debug|Any CPU = Debug|Any CPU
		Release|Any CPU = Release|Any CPU
	EndGlobalSection
	GlobalSection(ProjectConfigurationPlatforms) = postSolution
		{A485F8C0-638E-4FC3-BC0B-D1EF7D0515C4}.Debug|Any CPU.ActiveCfg = Debug|Any CPU
		{A485F8C0-638E-4FC3-BC0B-D1EF7D0515C4}.Debug|Any CPU.Build.0 = Debug|Any CPU
		{A485F8C0-638E-4FC3-BC0B-D1EF7D0515C4}.Release|Any CPU.ActiveCfg = Release|Any CPU
		{A485F8C0-638E-4FC3-BC0B-D1EF7D0515C4}.Release|Any CPU.Build.0 = Release|Any CPU
	EndGlobalSection
	GlobalSection(SolutionProperties) = preSolution
		HideSolutionNode = FALSE
	EndGlobalSection
	GlobalSection(ExtensibilityGlobals) = postSolution
		SolutionGuid = {91EBBECB-41E8-4DC1-AA75-0C063271E3FE}
	EndGlobalSection
EndGlobal
